// !$*UTF8*$!
{
	archiveVersion = 1;
	classes = {
	};
	objectVersion = 56;
	objects = {

/* Begin PBXBuildFile section */
		7FA523692B88EA4100FE909D /* duolingo_chest.riv in Resources */ = {isa = PBXBuildFile; fileRef = 7FA523682B88EA4100FE909D /* duolingo_chest.riv */; };
		7FB1FEC72B879C2A005DEC37 /* AppDelegate.swift in Sources */ = {isa = PBXBuildFile; fileRef = 7FB1FEC62B879C2A005DEC37 /* AppDelegate.swift */; };
		7FB1FEC92B879C2A005DEC37 /* SceneDelegate.swift in Sources */ = {isa = PBXBuildFile; fileRef = 7FB1FEC82B879C2A005DEC37 /* SceneDelegate.swift */; };
		7FB1FECB2B879C2A005DEC37 /* ViewController.swift in Sources */ = {isa = PBXBuildFile; fileRef = 7FB1FECA2B879C2A005DEC37 /* ViewController.swift */; };
		7FB1FECE2B879C2A005DEC37 /* Main.storyboard in Resources */ = {isa = PBXBuildFile; fileRef = 7FB1FECC2B879C2A005DEC37 /* Main.storyboard */; };
		7FB1FED02B879C2B005DEC37 /* Assets.xcassets in Resources */ = {isa = PBXBuildFile; fileRef = 7FB1FECF2B879C2B005DEC37 /* Assets.xcassets */; };
		7FB1FED32B879C2B005DEC37 /* LaunchScreen.storyboard in Resources */ = {isa = PBXBuildFile; fileRef = 7FB1FED12B879C2B005DEC37 /* LaunchScreen.storyboard */; };
		7FB1FEDC2B879C6D005DEC37 /* RiveRuntime in Frameworks */ = {isa = PBXBuildFile; productRef = 7FB1FEDB2B879C6D005DEC37 /* RiveRuntime */; };
/* End PBXBuildFile section */

/* Begin PBXFileReference section */
		7FA523682B88EA4100FE909D /* duolingo_chest.riv */ = {isa = PBXFileReference; lastKnownFileType = file; path = duolingo_chest.riv; sourceTree = "<group>"; };
		7FB1FEC32B879C2A005DEC37 /* Rive.app */ = {isa = PBXFileReference; explicitFileType = wrapper.application; includeInIndex = 0; path = Rive.app; sourceTree = BUILT_PRODUCTS_DIR; };
		7FB1FEC62B879C2A005DEC37 /* AppDelegate.swift */ = {isa = PBXFileReference; lastKnownFileType = sourcecode.swift; path = AppDelegate.swift; sourceTree = "<group>"; };
		7FB1FEC82B879C2A005DEC37 /* SceneDelegate.swift */ = {isa = PBXFileReference; lastKnownFileType = sourcecode.swift; path = SceneDelegate.swift; sourceTree = "<group>"; };
		7FB1FECA2B879C2A005DEC37 /* ViewController.swift */ = {isa = PBXFileReference; lastKnownFileType = sourcecode.swift; path = ViewController.swift; sourceTree = "<group>"; };
		7FB1FECD2B879C2A005DEC37 /* Base */ = {isa = PBXFileReference; lastKnownFileType = file.storyboard; name = Base; path = Base.lproj/Main.storyboard; sourceTree = "<group>"; };
		7FB1FECF2B879C2B005DEC37 /* Assets.xcassets */ = {isa = PBXFileReference; lastKnownFileType = folder.assetcatalog; path = Assets.xcassets; sourceTree = "<group>"; };
		7FB1FED22B879C2B005DEC37 /* Base */ = {isa = PBXFileReference; lastKnownFileType = file.storyboard; name = Base; path = Base.lproj/LaunchScreen.storyboard; sourceTree = "<group>"; };
		7FB1FED42B879C2B005DEC37 /* Info.plist */ = {isa = PBXFileReference; lastKnownFileType = text.plist.xml; path = Info.plist; sourceTree = "<group>"; };
/* End PBXFileReference section */

/* Begin PBXFrameworksBuildPhase section */
		7FB1FEC02B879C2A005DEC37 /* Frameworks */ = {
			isa = PBXFrameworksBuildPhase;
			buildActionMask = 2147483647;
			files = (
				7FB1FEDC2B879C6D005DEC37 /* RiveRuntime in Frameworks */,
			);
			runOnlyForDeploymentPostprocessing = 0;
		};
/* End PBXFrameworksBuildPhase section */

/* Begin PBXGroup section */
		7FB1FEBA2B879C2A005DEC37 = {
			isa = PBXGroup;
			children = (
				7FB1FEC52B879C2A005DEC37 /* Rive */,
				7FB1FEC42B879C2A005DEC37 /* Products */,
			);
			sourceTree = "<group>";
		};
		7FB1FEC42B879C2A005DEC37 /* Products */ = {
			isa = PBXGroup;
			children = (
				7FB1FEC32B879C2A005DEC37 /* Rive.app */,
			);
			name = Products;
			sourceTree = "<group>";
		};
		7FB1FEC52B879C2A005DEC37 /* Rive */ = {
			isa = PBXGroup;
			children = (
				7FB1FEC62B879C2A005DEC37 /* AppDelegate.swift */,
				7FB1FEC82B879C2A005DEC37 /* SceneDelegate.swift */,
				7FB1FECA2B879C2A005DEC37 /* ViewController.swift */,
				7FA523682B88EA4100FE909D /* duolingo_chest.riv */,
				7FB1FECC2B879C2A005DEC37 /* Main.storyboard */,
				7FB1FECF2B879C2B005DEC37 /* Assets.xcassets */,
				7FB1FED12B879C2B005DEC37 /* LaunchScreen.storyboard */,
				7FB1FED42B879C2B005DEC37 /* Info.plist */,
			);
			path = Rive;
			sourceTree = "<group>";
		};
/* End PBXGroup section */

/* Begin PBXNativeTarget section */
		7FB1FEC22B879C2A005DEC37 /* Rive */ = {
			isa = PBXNativeTarget;
			buildConfigurationList = 7FB1FED72B879C2B005DEC37 /* Build configuration list for PBXNativeTarget "Rive" */;
			buildPhases = (
				7FB1FEBF2B879C2A005DEC37 /* Sources */,
				7FB1FEC02B879C2A005DEC37 /* Frameworks */,
				7FB1FEC12B879C2A005DEC37 /* Resources */,
			);
			buildRules = (
			);
			dependencies = (
			);
			name = Rive;
			packageProductDependencies = (
				7FB1FEDB2B879C6D005DEC37 /* RiveRuntime */,
			);
			productName = Rive;
			productReference = 7FB1FEC32B879C2A005DEC37 /* Rive.app */;
			productType = "com.apple.product-type.application";
		};
/* End PBXNativeTarget section */

/* Begin PBXProject section */
		7FB1FEBB2B879C2A005DEC37 /* Project object */ = {
			isa = PBXProject;
			attributes = {
				BuildIndependentTargetsInParallel = 1;
				LastSwiftUpdateCheck = 1520;
				LastUpgradeCheck = 1520;
				TargetAttributes = {
					7FB1FEC22B879C2A005DEC37 = {
						CreatedOnToolsVersion = 15.2;
					};
				};
			};
			buildConfigurationList = 7FB1FEBE2B879C2A005DEC37 /* Build configuration list for PBXProject "Rive" */;
			compatibilityVersion = "Xcode 14.0";
			developmentRegion = en;
			hasScannedForEncodings = 0;
			knownRegions = (
				en,
				Base,
			);
			mainGroup = 7FB1FEBA2B879C2A005DEC37;
			packageReferences = (
				7FB1FEDA2B879C6D005DEC37 /* XCRemoteSwiftPackageReference "rive-ios" */,
			);
			productRefGroup = 7FB1FEC42B879C2A005DEC37 /* Products */;
			projectDirPath = "";
			projectRoot = "";
			targets = (
				7FB1FEC22B879C2A005DEC37 /* Rive */,
			);
		};
/* End PBXProject section */

/* Begin PBXResourcesBuildPhase section */
		7FB1FEC12B879C2A005DEC37 /* Resources */ = {
			isa = PBXResourcesBuildPhase;
			buildActionMask = 2147483647;
			files = (
				7FA523692B88EA4100FE909D /* duolingo_chest.riv in Resources */,
				7FB1FED32B879C2B005DEC37 /* LaunchScreen.storyboard in Resources */,
				7FB1FED02B879C2B005DEC37 /* Assets.xcassets in Resources */,
				7FB1FECE2B879C2A005DEC37 /* Main.storyboard in Resources */,
			);
			runOnlyForDeploymentPostprocessing = 0;
		};
/* End PBXResourcesBuildPhase section */

/* Begin PBXSourcesBuildPhase section */
		7FB1FEBF2B879C2A005DEC37 /* Sources */ = {
			isa = PBXSourcesBuildPhase;
			buildActionMask = 2147483647;
			files = (
				7FB1FECB2B879C2A005DEC37 /* ViewController.swift in Sources */,
				7FB1FEC72B879C2A005DEC37 /* AppDelegate.swift in Sources */,
				7FB1FEC92B879C2A005DEC37 /* SceneDelegate.swift in Sources */,
			);
			runOnlyForDeploymentPostprocessing = 0;
		};
/* End PBXSourcesBuildPhase section */

/* Begin PBXVariantGroup section */
		7FB1FECC2B879C2A005DEC37 /* Main.storyboard */ = {
			isa = PBXVariantGroup;
			children = (
				7FB1FECD2B879C2A005DEC37 /* Base */,
			);
			name = Main.storyboard;
			sourceTree = "<group>";
		};
		7FB1FED12B879C2B005DEC37 /* LaunchScreen.storyboard */ = {
			isa = PBXVariantGroup;
			children = (
				7FB1FED22B879C2B005DEC37 /* Base */,
			);
			name = LaunchScreen.storyboard;
			sourceTree = "<group>";
		};
/* End PBXVariantGroup section */

/* Begin XCBuildConfiguration section */
		7FB1FED52B879C2B005DEC37 /* Debug */ = {
			isa = XCBuildConfiguration;
			buildSettings = {
				ALWAYS_SEARCH_USER_PATHS = NO;
				ASSETCATALOG_COMPILER_GENERATE_SWIFT_ASSET_SYMBOL_EXTENSIONS = YES;
				CLANG_ANALYZER_NONNULL = YES;
				CLANG_ANALYZER_NUMBER_OBJECT_CONVERSION = YES_AGGRESSIVE;
				CLANG_CXX_LANGUAGE_STANDARD = "gnu++20";
				CLANG_ENABLE_MODULES = YES;
				CLANG_ENABLE_OBJC_ARC = YES;
				CLANG_ENABLE_OBJC_WEAK = YES;
				CLANG_WARN_BLOCK_CAPTURE_AUTORELEASING = YES;
				CLANG_WARN_BOOL_CONVERSION = YES;
				CLANG_WARN_COMMA = YES;
				CLANG_WARN_CONSTANT_CONVERSION = YES;
				CLANG_WARN_DEPRECATED_OBJC_IMPLEMENTATIONS = YES;
				CLANG_WARN_DIRECT_OBJC_ISA_USAGE = YES_ERROR;
				CLANG_WARN_DOCUMENTATION_COMMENTS = YES;
				CLANG_WARN_EMPTY_BODY = YES;
				CLANG_WARN_ENUM_CONVERSION = YES;
				CLANG_WARN_INFINITE_RECURSION = YES;
				CLANG_WARN_INT_CONVERSION = YES;
				CLANG_WARN_NON_LITERAL_NULL_CONVERSION = YES;
				CLANG_WARN_OBJC_IMPLICIT_RETAIN_SELF = YES;
				CLANG_WARN_OBJC_LITERAL_CONVERSION = YES;
				CLANG_WARN_OBJC_ROOT_CLASS = YES_ERROR;
				CLANG_WARN_QUOTED_INCLUDE_IN_FRAMEWORK_HEADER = YES;
				CLANG_WARN_RANGE_LOOP_ANALYSIS = YES;
				CLANG_WARN_STRICT_PROTOTYPES = YES;
				CLANG_WARN_SUSPICIOUS_MOVE = YES;
				CLANG_WARN_UNGUARDED_AVAILABILITY = YES_AGGRESSIVE;
				CLANG_WARN_UNREACHABLE_CODE = YES;
				CLANG_WARN__DUPLICATE_METHOD_MATCH = YES;
				COPY_PHASE_STRIP = NO;
				DEBUG_INFORMATION_FORMAT = dwarf;
				ENABLE_STRICT_OBJC_MSGSEND = YES;
				ENABLE_TESTABILITY = YES;
				ENABLE_USER_SCRIPT_SANDBOXING = YES;
				GCC_C_LANGUAGE_STANDARD = gnu17;
				GCC_DYNAMIC_NO_PIC = NO;
				GCC_NO_COMMON_BLOCKS = YES;
				GCC_OPTIMIZATION_LEVEL = 0;
				GCC_PREPROCESSOR_DEFINITIONS = (
					"DEBUG=1",
					"$(inherited)",
				);
				GCC_WARN_64_TO_32_BIT_CONVERSION = YES;
				GCC_WARN_ABOUT_RETURN_TYPE = YES_ERROR;
				GCC_WARN_UNDECLARED_SELECTOR = YES;
				GCC_WARN_UNINITIALIZED_AUTOS = YES_AGGRESSIVE;
				GCC_WARN_UNUSED_FUNCTION = YES;
				GCC_WARN_UNUSED_VARIABLE = YES;
				IPHONEOS_DEPLOYMENT_TARGET = 17.2;
				LOCALIZATION_PREFERS_STRING_CATALOGS = YES;
				MTL_ENABLE_DEBUG_INFO = INCLUDE_SOURCE;
				MTL_FAST_MATH = YES;
				ONLY_ACTIVE_ARCH = YES;
				SDKROOT = iphoneos;
				SWIFT_ACTIVE_COMPILATION_CONDITIONS = "DEBUG $(inherited)";
				SWIFT_OPTIMIZATION_LEVEL = "-Onone";
			};
			name = Debug;
		};
		7FB1FED62B879C2B005DEC37 /* Release */ = {
			isa = XCBuildConfiguration;
			buildSettings = {
				ALWAYS_SEARCH_USER_PATHS = NO;
				ASSETCATALOG_COMPILER_GENERATE_SWIFT_ASSET_SYMBOL_EXTENSIONS = YES;
				CLANG_ANALYZER_NONNULL = YES;
				CLANG_ANALYZER_NUMBER_OBJECT_CONVERSION = YES_AGGRESSIVE;
				CLANG_CXX_LANGUAGE_STANDARD = "gnu++20";
				CLANG_ENABLE_MODULES = YES;
				CLANG_ENABLE_OBJC_ARC = YES;
				CLANG_ENABLE_OBJC_WEAK = YES;
				CLANG_WARN_BLOCK_CAPTURE_AUTORELEASING = YES;
				CLANG_WARN_BOOL_CONVERSION = YES;
				CLANG_WARN_COMMA = YES;
				CLANG_WARN_CONSTANT_CONVERSION = YES;
				CLANG_WARN_DEPRECATED_OBJC_IMPLEMENTATIONS = YES;
				CLANG_WARN_DIRECT_OBJC_ISA_USAGE = YES_ERROR;
				CLANG_WARN_DOCUMENTATION_COMMENTS = YES;
				CLANG_WARN_EMPTY_BODY = YES;
				CLANG_WARN_ENUM_CONVERSION = YES;
				CLANG_WARN_INFINITE_RECURSION = YES;
				CLANG_WARN_INT_CONVERSION = YES;
				CLANG_WARN_NON_LITERAL_NULL_CONVERSION = YES;
				CLANG_WARN_OBJC_IMPLICIT_RETAIN_SELF = YES;
				CLANG_WARN_OBJC_LITERAL_CONVERSION = YES;
				CLANG_WARN_OBJC_ROOT_CLASS = YES_ERROR;
				CLANG_WARN_QUOTED_INCLUDE_IN_FRAMEWORK_HEADER = YES;
				CLANG_WARN_RANGE_LOOP_ANALYSIS = YES;
				CLANG_WARN_STRICT_PROTOTYPES = YES;
				CLANG_WARN_SUSPICIOUS_MOVE = YES;
				CLANG_WARN_UNGUARDED_AVAILABILITY = YES_AGGRESSIVE;
				CLANG_WARN_UNREACHABLE_CODE = YES;
				CLANG_WARN__DUPLICATE_METHOD_MATCH = YES;
				COPY_PHASE_STRIP = NO;
				DEBUG_INFORMATION_FORMAT = "dwarf-with-dsym";
				ENABLE_NS_ASSERTIONS = NO;
				ENABLE_STRICT_OBJC_MSGSEND = YES;
				ENABLE_USER_SCRIPT_SANDBOXING = YES;
				GCC_C_LANGUAGE_STANDARD = gnu17;
				GCC_NO_COMMON_BLOCKS = YES;
				GCC_WARN_64_TO_32_BIT_CONVERSION = YES;
				GCC_WARN_ABOUT_RETURN_TYPE = YES_ERROR;
				GCC_WARN_UNDECLARED_SELECTOR = YES;
				GCC_WARN_UNINITIALIZED_AUTOS = YES_AGGRESSIVE;
				GCC_WARN_UNUSED_FUNCTION = YES;
				GCC_WARN_UNUSED_VARIABLE = YES;
				IPHONEOS_DEPLOYMENT_TARGET = 17.2;
				LOCALIZATION_PREFERS_STRING_CATALOGS = YES;
				MTL_ENABLE_DEBUG_INFO = NO;
				MTL_FAST_MATH = YES;
				SDKROOT = iphoneos;
				SWIFT_COMPILATION_MODE = wholemodule;
				VALIDATE_PRODUCT = YES;
			};
			name = Release;
		};
		7FB1FED82B879C2B005DEC37 /* Debug */ = {
			isa = XCBuildConfiguration;
			buildSettings = {
				ASSETCATALOG_COMPILER_APPICON_NAME = AppIcon;
				ASSETCATALOG_COMPILER_GLOBAL_ACCENT_COLOR_NAME = AccentColor;
				CODE_SIGN_STYLE = Automatic;
				CURRENT_PROJECT_VERSION = 1;
				DEVELOPMENT_TEAM = 8D624RLNA2;
				GENERATE_INFOPLIST_FILE = YES;
				INFOPLIST_FILE = Rive/Info.plist;
				INFOPLIST_KEY_UIApplicationSupportsIndirectInputEvents = YES;
				INFOPLIST_KEY_UILaunchStoryboardName = LaunchScreen;
				INFOPLIST_KEY_UIMainStoryboardFile = Main;
				INFOPLIST_KEY_UISupportedInterfaceOrientations_iPad = "UIInterfaceOrientationPortrait UIInterfaceOrientationPortraitUpsideDown UIInterfaceOrientationLandscapeLeft UIInterfaceOrientationLandscapeRight";
				INFOPLIST_KEY_UISupportedInterfaceOrientations_iPhone = "UIInterfaceOrientationPortrait UIInterfaceOrientationLandscapeLeft UIInterfaceOrientationLandscapeRight";
				LD_RUNPATH_SEARCH_PATHS = (
					"$(inherited)",
					"@executable_path/Frameworks",
				);
				MARKETING_VERSION = 1.0;
				PRODUCT_BUNDLE_IDENTIFIER = com.duolingo.Rive;
				PRODUCT_NAME = "$(TARGET_NAME)";
				SWIFT_EMIT_LOC_STRINGS = YES;
				SWIFT_VERSION = 5.0;
				TARGETED_DEVICE_FAMILY = "1,2";
			};
			name = Debug;
		};
		7FB1FED92B879C2B005DEC37 /* Release */ = {
			isa = XCBuildConfiguration;
			buildSettings = {
				ASSETCATALOG_COMPILER_APPICON_NAME = AppIcon;
				ASSETCATALOG_COMPILER_GLOBAL_ACCENT_COLOR_NAME = AccentColor;
				CODE_SIGN_STYLE = Automatic;
				CURRENT_PROJECT_VERSION = 1;
				DEVELOPMENT_TEAM = 8D624RLNA2;
				GENERATE_INFOPLIST_FILE = YES;
				INFOPLIST_FILE = Rive/Info.plist;
				INFOPLIST_KEY_UIApplicationSupportsIndirectInputEvents = YES;
				INFOPLIST_KEY_UILaunchStoryboardName = LaunchScreen;
				INFOPLIST_KEY_UIMainStoryboardFile = Main;
				INFOPLIST_KEY_UISupportedInterfaceOrientations_iPad = "UIInterfaceOrientationPortrait UIInterfaceOrientationPortraitUpsideDown UIInterfaceOrientationLandscapeLeft UIInterfaceOrientationLandscapeRight";
				INFOPLIST_KEY_UISupportedInterfaceOrientations_iPhone = "UIInterfaceOrientationPortrait UIInterfaceOrientationLandscapeLeft UIInterfaceOrientationLandscapeRight";
				LD_RUNPATH_SEARCH_PATHS = (
					"$(inherited)",
					"@executable_path/Frameworks",
				);
				MARKETING_VERSION = 1.0;
				PRODUCT_BUNDLE_IDENTIFIER = com.duolingo.Rive;
				PRODUCT_NAME = "$(TARGET_NAME)";
				SWIFT_EMIT_LOC_STRINGS = YES;
				SWIFT_VERSION = 5.0;
				TARGETED_DEVICE_FAMILY = "1,2";
			};
			name = Release;
		};
/* End XCBuildConfiguration section */

/* Begin XCConfigurationList section */
		7FB1FEBE2B879C2A005DEC37 /* Build configuration list for PBXProject "Rive" */ = {
			isa = XCConfigurationList;
			buildConfigurations = (
				7FB1FED52B879C2B005DEC37 /* Debug */,
				7FB1FED62B879C2B005DEC37 /* Release */,
			);
			defaultConfigurationIsVisible = 0;
			defaultConfigurationName = Release;
		};
		7FB1FED72B879C2B005DEC37 /* Build configuration list for PBXNativeTarget "Rive" */ = {
			isa = XCConfigurationList;
			buildConfigurations = (
				7FB1FED82B879C2B005DEC37 /* Debug */,
				7FB1FED92B879C2B005DEC37 /* Release */,
			);
			defaultConfigurationIsVisible = 0;
			defaultConfigurationName = Release;
		};
/* End XCConfigurationList section */

/* Begin XCRemoteSwiftPackageReference section */
		7FB1FEDA2B879C6D005DEC37 /* XCRemoteSwiftPackageReference "rive-ios" */ = {
			isa = XCRemoteSwiftPackageReference;
			repositoryURL = "https://github.com/rive-app/rive-ios";
			requirement = {
				kind = upToNextMajorVersion;
				minimumVersion = 5.9.0;
			};
		};
/* End XCRemoteSwiftPackageReference section */

/* Begin XCSwiftPackageProductDependency section */
		7FB1FEDB2B879C6D005DEC37 /* RiveRuntime */ = {
			isa = XCSwiftPackageProductDependency;
			package = 7FB1FEDA2B879C6D005DEC37 /* XCRemoteSwiftPackageReference "rive-ios" */;
			productName = RiveRuntime;
		};
/* End XCSwiftPackageProductDependency section */
	};
	rootObject = 7FB1FEBB2B879C2A005DEC37 /* Project object */;
}
